
Microsoft Visual Studio Solution File, Format Version 12.00
# Visual Studio Version 17
VisualStudioVersion = 17.7.34221.43
MinimumVisualStudioVersion = 10.0.40219.1
Project("{FAE04EC0-301F-11D3-BF4B-00C04F79EFBC}") = "DadosProj", "DadosProj\DadosProj.csproj", "{51BFD789-49D4-4831-A5A0-1442DC90499C}"
EndProject
Project("{FAE04EC0-301F-11D3-BF4B-00C04F79EFBC}") = "API_program", "API_program\API_program.csproj", "{DD2A2F24-2EFF-45FC-8C63-78680E040DFD}"
EndProject
Project("{FAE04EC0-301F-11D3-BF4B-00C04F79EFBC}") = "Frontend", "Frontend\Frontend.csproj", "{F278B70F-07AF-4216-8A56-AEB548993C95}"
EndProject
Global
	GlobalSection(SolutionConfigurationPlatforms) = preSolution
		Debug|Any CPU = Debug|Any CPU
		Release|Any CPU = Release|Any CPU
	EndGlobalSection
	GlobalSection(ProjectConfigurationPlatforms) = postSolution
		{51BFD789-49D4-4831-A5A0-1442DC90499C}.Debug|Any CPU.ActiveCfg = Debug|Any CPU
		{51BFD789-49D4-4831-A5A0-1442DC90499C}.Debug|Any CPU.Build.0 = Debug|Any CPU
		{51BFD789-49D4-4831-A5A0-1442DC90499C}.Release|Any CPU.ActiveCfg = Release|Any CPU
		{51BFD789-49D4-4831-A5A0-1442DC90499C}.Release|Any CPU.Build.0 = Release|Any CPU
		{DD2A2F24-2EFF-45FC-8C63-78680E040DFD}.Debug|Any CPU.ActiveCfg = Debug|Any CPU
		{DD2A2F24-2EFF-45FC-8C63-78680E040DFD}.Debug|Any CPU.Build.0 = Debug|Any CPU
		{DD2A2F24-2EFF-45FC-8C63-78680E040DFD}.Release|Any CPU.ActiveCfg = Release|Any CPU
		{DD2A2F24-2EFF-45FC-8C63-78680E040DFD}.Release|Any CPU.Build.0 = Release|Any CPU
		{F278B70F-07AF-4216-8A56-AEB548993C95}.Debug|Any CPU.ActiveCfg = Debug|Any CPU
		{F278B70F-07AF-4216-8A56-AEB548993C95}.Debug|Any CPU.Build.0 = Debug|Any CPU
		{F278B70F-07AF-4216-8A56-AEB548993C95}.Release|Any CPU.ActiveCfg = Release|Any CPU
		{F278B70F-07AF-4216-8A56-AEB548993C95}.Release|Any CPU.Build.0 = Release|Any CPU
	EndGlobalSection
	GlobalSection(SolutionProperties) = preSolution
		HideSolutionNode = FALSE
	EndGlobalSection
	GlobalSection(ExtensibilityGlobals) = postSolution
		SolutionGuid = {21188DEB-A6B1-4E53-91B2-A26455D3CA6F}
	EndGlobalSection
EndGlobal
